// !$*UTF8*$!
{
	archiveVersion = 1;
	classes = {
	};
	objectVersion = 51;
	objects = {

/* Begin PBXBuildFile section */
		9069CBB403493BAE3FB13432 /* Pods_Recipe.framework in Frameworks */ = {isa = PBXBuildFile; fileRef = C8F6A03D41BA0D5B20696266 /* Pods_Recipe.framework */; };
		F118C26B26A275F800D95137 /* AppDelegate.swift in Sources */ = {isa = PBXBuildFile; fileRef = F118C26A26A275F800D95137 /* AppDelegate.swift */; };
		F118C26D26A275F800D95137 /* SceneDelegate.swift in Sources */ = {isa = PBXBuildFile; fileRef = F118C26C26A275F800D95137 /* SceneDelegate.swift */; };
		F118C27226A275F800D95137 /* Main.storyboard in Resources */ = {isa = PBXBuildFile; fileRef = F118C27026A275F800D95137 /* Main.storyboard */; };
		F118C27426A275F900D95137 /* Assets.xcassets in Resources */ = {isa = PBXBuildFile; fileRef = F118C27326A275F900D95137 /* Assets.xcassets */; };
		F118C27726A275F900D95137 /* LaunchScreen.storyboard in Resources */ = {isa = PBXBuildFile; fileRef = F118C27526A275F900D95137 /* LaunchScreen.storyboard */; };
		F17C92E326A2892100A88A98 /* FavoriteGridViewController.swift in Sources */ = {isa = PBXBuildFile; fileRef = F17C92E226A2892100A88A98 /* FavoriteGridViewController.swift */; };
		F17C92E526A28ACF00A88A98 /* FavoriteGrid.storyboard in Resources */ = {isa = PBXBuildFile; fileRef = F17C92E426A28ACF00A88A98 /* FavoriteGrid.storyboard */; };
		F17C92E826A28CDE00A88A98 /* RecipeCollectionViewCell.swift in Sources */ = {isa = PBXBuildFile; fileRef = F17C92E626A28CDE00A88A98 /* RecipeCollectionViewCell.swift */; };
		F17C92E926A28CDE00A88A98 /* RecipeCollectionViewCell.xib in Resources */ = {isa = PBXBuildFile; fileRef = F17C92E726A28CDE00A88A98 /* RecipeCollectionViewCell.xib */; };
		F17C92EC26A28F7D00A88A98 /* ClassName.swift in Sources */ = {isa = PBXBuildFile; fileRef = F17C92EB26A28F7D00A88A98 /* ClassName.swift */; };
		F17C92EE26A2959900A88A98 /* TabViewController.swift in Sources */ = {isa = PBXBuildFile; fileRef = F17C92ED26A2959900A88A98 /* TabViewController.swift */; };
		F17C92F026A2B14F00A88A98 /* RecipeGridViewController.swift in Sources */ = {isa = PBXBuildFile; fileRef = F17C92EF26A2B14F00A88A98 /* RecipeGridViewController.swift */; };
		F17C92F226A2B16300A88A98 /* RecipeGrid.storyboard in Resources */ = {isa = PBXBuildFile; fileRef = F17C92F126A2B16300A88A98 /* RecipeGrid.storyboard */; };
		F17C92F726A2BCBE00A88A98 /* Recipe.swift in Sources */ = {isa = PBXBuildFile; fileRef = F17C92F626A2BCBE00A88A98 /* Recipe.swift */; };
		F17C92FA26A2BEA200A88A98 /* DataManager.swift in Sources */ = {isa = PBXBuildFile; fileRef = F17C92F926A2BEA200A88A98 /* DataManager.swift */; };
		F1D30BA326A7BB5400152173 /* RecipeDetailsViewController.swift in Sources */ = {isa = PBXBuildFile; fileRef = F1D30BA226A7BB5400152173 /* RecipeDetailsViewController.swift */; };
		F1D30BA526A7BB6500152173 /* RecipeDetails.storyboard in Resources */ = {isa = PBXBuildFile; fileRef = F1D30BA426A7BB6500152173 /* RecipeDetails.storyboard */; };
/* End PBXBuildFile section */

/* Begin PBXFileReference section */
		2B70035B9F5A92B906E16DBD /* Pods-Recipe.release.xcconfig */ = {isa = PBXFileReference; includeInIndex = 1; lastKnownFileType = text.xcconfig; name = "Pods-Recipe.release.xcconfig"; path = "Target Support Files/Pods-Recipe/Pods-Recipe.release.xcconfig"; sourceTree = "<group>"; };
		502CE0C03DBFAE7861D2931B /* Pods-Recipe.debug.xcconfig */ = {isa = PBXFileReference; includeInIndex = 1; lastKnownFileType = text.xcconfig; name = "Pods-Recipe.debug.xcconfig"; path = "Target Support Files/Pods-Recipe/Pods-Recipe.debug.xcconfig"; sourceTree = "<group>"; };
		C8F6A03D41BA0D5B20696266 /* Pods_Recipe.framework */ = {isa = PBXFileReference; explicitFileType = wrapper.framework; includeInIndex = 0; path = Pods_Recipe.framework; sourceTree = BUILT_PRODUCTS_DIR; };
		F118C26726A275F800D95137 /* Recipe.app */ = {isa = PBXFileReference; explicitFileType = wrapper.application; includeInIndex = 0; path = Recipe.app; sourceTree = BUILT_PRODUCTS_DIR; };
		F118C26A26A275F800D95137 /* AppDelegate.swift */ = {isa = PBXFileReference; lastKnownFileType = sourcecode.swift; path = AppDelegate.swift; sourceTree = "<group>"; };
		F118C26C26A275F800D95137 /* SceneDelegate.swift */ = {isa = PBXFileReference; lastKnownFileType = sourcecode.swift; path = SceneDelegate.swift; sourceTree = "<group>"; };
		F118C27126A275F800D95137 /* Base */ = {isa = PBXFileReference; lastKnownFileType = file.storyboard; name = Base; path = Base.lproj/Main.storyboard; sourceTree = "<group>"; };
		F118C27326A275F900D95137 /* Assets.xcassets */ = {isa = PBXFileReference; lastKnownFileType = folder.assetcatalog; path = Assets.xcassets; sourceTree = "<group>"; };
		F118C27626A275F900D95137 /* Base */ = {isa = PBXFileReference; lastKnownFileType = file.storyboard; name = Base; path = Base.lproj/LaunchScreen.storyboard; sourceTree = "<group>"; };
		F118C27826A275F900D95137 /* Info.plist */ = {isa = PBXFileReference; lastKnownFileType = text.plist.xml; path = Info.plist; sourceTree = "<group>"; };
		F17C92E226A2892100A88A98 /* FavoriteGridViewController.swift */ = {isa = PBXFileReference; lastKnownFileType = sourcecode.swift; path = FavoriteGridViewController.swift; sourceTree = "<group>"; };
		F17C92E426A28ACF00A88A98 /* FavoriteGrid.storyboard */ = {isa = PBXFileReference; lastKnownFileType = file.storyboard; path = FavoriteGrid.storyboard; sourceTree = "<group>"; };
		F17C92E626A28CDE00A88A98 /* RecipeCollectionViewCell.swift */ = {isa = PBXFileReference; lastKnownFileType = sourcecode.swift; path = RecipeCollectionViewCell.swift; sourceTree = "<group>"; };
		F17C92E726A28CDE00A88A98 /* RecipeCollectionViewCell.xib */ = {isa = PBXFileReference; lastKnownFileType = file.xib; path = RecipeCollectionViewCell.xib; sourceTree = "<group>"; };
		F17C92EB26A28F7D00A88A98 /* ClassName.swift */ = {isa = PBXFileReference; lastKnownFileType = sourcecode.swift; path = ClassName.swift; sourceTree = "<group>"; };
		F17C92ED26A2959900A88A98 /* TabViewController.swift */ = {isa = PBXFileReference; lastKnownFileType = sourcecode.swift; path = TabViewController.swift; sourceTree = "<group>"; };
		F17C92EF26A2B14F00A88A98 /* RecipeGridViewController.swift */ = {isa = PBXFileReference; lastKnownFileType = sourcecode.swift; path = RecipeGridViewController.swift; sourceTree = "<group>"; };
		F17C92F126A2B16300A88A98 /* RecipeGrid.storyboard */ = {isa = PBXFileReference; lastKnownFileType = file.storyboard; path = RecipeGrid.storyboard; sourceTree = "<group>"; };
		F17C92F626A2BCBE00A88A98 /* Recipe.swift */ = {isa = PBXFileReference; lastKnownFileType = sourcecode.swift; path = Recipe.swift; sourceTree = "<group>"; };
		F17C92F926A2BEA200A88A98 /* DataManager.swift */ = {isa = PBXFileReference; lastKnownFileType = sourcecode.swift; path = DataManager.swift; sourceTree = "<group>"; };
		F1D30BA226A7BB5400152173 /* RecipeDetailsViewController.swift */ = {isa = PBXFileReference; lastKnownFileType = sourcecode.swift; path = RecipeDetailsViewController.swift; sourceTree = "<group>"; };
		F1D30BA426A7BB6500152173 /* RecipeDetails.storyboard */ = {isa = PBXFileReference; lastKnownFileType = file.storyboard; path = RecipeDetails.storyboard; sourceTree = "<group>"; };
/* End PBXFileReference section */

/* Begin PBXFrameworksBuildPhase section */
		F118C26426A275F800D95137 /* Frameworks */ = {
			isa = PBXFrameworksBuildPhase;
			buildActionMask = 2147483647;
			files = (
				9069CBB403493BAE3FB13432 /* Pods_Recipe.framework in Frameworks */,
			);
			runOnlyForDeploymentPostprocessing = 0;
		};
/* End PBXFrameworksBuildPhase section */

/* Begin PBXGroup section */
		759DF3C3265BE7644CD3AC4B /* Pods */ = {
			isa = PBXGroup;
			children = (
				502CE0C03DBFAE7861D2931B /* Pods-Recipe.debug.xcconfig */,
				2B70035B9F5A92B906E16DBD /* Pods-Recipe.release.xcconfig */,
			);
			path = Pods;
			sourceTree = "<group>";
		};
		92958EA4440E20CF1755C34E /* Frameworks */ = {
			isa = PBXGroup;
			children = (
				C8F6A03D41BA0D5B20696266 /* Pods_Recipe.framework */,
			);
			name = Frameworks;
			sourceTree = "<group>";
		};
		F118C25E26A275F800D95137 = {
			isa = PBXGroup;
			children = (
				F118C26926A275F800D95137 /* Recipe */,
				F118C26826A275F800D95137 /* Products */,
				759DF3C3265BE7644CD3AC4B /* Pods */,
				92958EA4440E20CF1755C34E /* Frameworks */,
			);
			sourceTree = "<group>";
		};
		F118C26826A275F800D95137 /* Products */ = {
			isa = PBXGroup;
			children = (
				F118C26726A275F800D95137 /* Recipe.app */,
			);
			name = Products;
			sourceTree = "<group>";
		};
		F118C26926A275F800D95137 /* Recipe */ = {
			isa = PBXGroup;
			children = (
				F1D30BA626A7F4C700152173 /* View */,
				F17C92F526A2BCB100A88A98 /* Model */,
				F17C92F826A2BE8900A88A98 /* ViewModel */,
				F17C92EA26A28EB500A88A98 /* Extension */,
				F118C26A26A275F800D95137 /* AppDelegate.swift */,
				F118C26C26A275F800D95137 /* SceneDelegate.swift */,
				F118C27026A275F800D95137 /* Main.storyboard */,
				F118C27326A275F900D95137 /* Assets.xcassets */,
				F118C27526A275F900D95137 /* LaunchScreen.storyboard */,
				F118C27826A275F900D95137 /* Info.plist */,
			);
			path = Recipe;
			sourceTree = "<group>";
		};
		F17C92EA26A28EB500A88A98 /* Extension */ = {
			isa = PBXGroup;
			children = (
				F17C92EB26A28F7D00A88A98 /* ClassName.swift */,
			);
			path = Extension;
			sourceTree = "<group>";
		};
		F17C92F526A2BCB100A88A98 /* Model */ = {
			isa = PBXGroup;
			children = (
				F17C92F626A2BCBE00A88A98 /* Recipe.swift */,
			);
			path = Model;
			sourceTree = "<group>";
		};
		F17C92F826A2BE8900A88A98 /* ViewModel */ = {
			isa = PBXGroup;
			children = (
				F17C92F926A2BEA200A88A98 /* DataManager.swift */,
			);
			path = ViewModel;
			sourceTree = "<group>";
		};
		F1D30BA626A7F4C700152173 /* View */ = {
			isa = PBXGroup;
			children = (
				F17C92ED26A2959900A88A98 /* TabViewController.swift */,
				F17C92EF26A2B14F00A88A98 /* RecipeGridViewController.swift */,
				F17C92F126A2B16300A88A98 /* RecipeGrid.storyboard */,
				F17C92E226A2892100A88A98 /* FavoriteGridViewController.swift */,
				F17C92E426A28ACF00A88A98 /* FavoriteGrid.storyboard */,
				F17C92E626A28CDE00A88A98 /* RecipeCollectionViewCell.swift */,
				F17C92E726A28CDE00A88A98 /* RecipeCollectionViewCell.xib */,
				F1D30BA226A7BB5400152173 /* RecipeDetailsViewController.swift */,
				F1D30BA426A7BB6500152173 /* RecipeDetails.storyboard */,
			);
			path = View;
			sourceTree = "<group>";
		};
/* End PBXGroup section */

/* Begin PBXNativeTarget section */
		F118C26626A275F800D95137 /* Recipe */ = {
			isa = PBXNativeTarget;
			buildConfigurationList = F118C27B26A275F900D95137 /* Build configuration list for PBXNativeTarget "Recipe" */;
			buildPhases = (
				D729F078EBAD67E168362F64 /* [CP] Check Pods Manifest.lock */,
				F118C26326A275F800D95137 /* Sources */,
				F118C26426A275F800D95137 /* Frameworks */,
				F118C26526A275F800D95137 /* Resources */,
				60EA5B036361A8539F9022EA /* [CP] Embed Pods Frameworks */,
			);
			buildRules = (
			);
			dependencies = (
			);
			name = Recipe;
			productName = Recipe;
			productReference = F118C26726A275F800D95137 /* Recipe.app */;
			productType = "com.apple.product-type.application";
		};
/* End PBXNativeTarget section */

/* Begin PBXProject section */
		F118C25F26A275F800D95137 /* Project object */ = {
			isa = PBXProject;
			attributes = {
				LastSwiftUpdateCheck = 1250;
				LastUpgradeCheck = 1250;
				TargetAttributes = {
					F118C26626A275F800D95137 = {
						CreatedOnToolsVersion = 12.5;
					};
				};
			};
			buildConfigurationList = F118C26226A275F800D95137 /* Build configuration list for PBXProject "Recipe" */;
			compatibilityVersion = "Xcode 9.3";
			developmentRegion = en;
			hasScannedForEncodings = 0;
			knownRegions = (
				en,
				Base,
			);
			mainGroup = F118C25E26A275F800D95137;
			productRefGroup = F118C26826A275F800D95137 /* Products */;
			projectDirPath = "";
			projectRoot = "";
			targets = (
				F118C26626A275F800D95137 /* Recipe */,
			);
		};
/* End PBXProject section */

/* Begin PBXResourcesBuildPhase section */
		F118C26526A275F800D95137 /* Resources */ = {
			isa = PBXResourcesBuildPhase;
			buildActionMask = 2147483647;
			files = (
				F1D30BA526A7BB6500152173 /* RecipeDetails.storyboard in Resources */,
				F17C92F226A2B16300A88A98 /* RecipeGrid.storyboard in Resources */,
				F17C92E926A28CDE00A88A98 /* RecipeCollectionViewCell.xib in Resources */,
				F118C27726A275F900D95137 /* LaunchScreen.storyboard in Resources */,
				F118C27426A275F900D95137 /* Assets.xcassets in Resources */,
				F17C92E526A28ACF00A88A98 /* FavoriteGrid.storyboard in Resources */,
				F118C27226A275F800D95137 /* Main.storyboard in Resources */,
			);
			runOnlyForDeploymentPostprocessing = 0;
		};
/* End PBXResourcesBuildPhase section */

/* Begin PBXShellScriptBuildPhase section */
		60EA5B036361A8539F9022EA /* [CP] Embed Pods Frameworks */ = {
			isa = PBXShellScriptBuildPhase;
			buildActionMask = 2147483647;
			files = (
			);
			inputFileListPaths = (
				"${PODS_ROOT}/Target Support Files/Pods-Recipe/Pods-Recipe-frameworks-${CONFIGURATION}-input-files.xcfilelist",
			);
			name = "[CP] Embed Pods Frameworks";
			outputFileListPaths = (
				"${PODS_ROOT}/Target Support Files/Pods-Recipe/Pods-Recipe-frameworks-${CONFIGURATION}-output-files.xcfilelist",
			);
			runOnlyForDeploymentPostprocessing = 0;
			shellPath = /bin/sh;
			shellScript = "\"${PODS_ROOT}/Target Support Files/Pods-Recipe/Pods-Recipe-frameworks.sh\"\n";
			showEnvVarsInLog = 0;
		};
		D729F078EBAD67E168362F64 /* [CP] Check Pods Manifest.lock */ = {
			isa = PBXShellScriptBuildPhase;
			buildActionMask = 2147483647;
			files = (
			);
			inputFileListPaths = (
			);
			inputPaths = (
				"${PODS_PODFILE_DIR_PATH}/Podfile.lock",
				"${PODS_ROOT}/Manifest.lock",
			);
			name = "[CP] Check Pods Manifest.lock";
			outputFileListPaths = (
			);
			outputPaths = (
				"$(DERIVED_FILE_DIR)/Pods-Recipe-checkManifestLockResult.txt",
			);
			runOnlyForDeploymentPostprocessing = 0;
			shellPath = /bin/sh;
			shellScript = "diff \"${PODS_PODFILE_DIR_PATH}/Podfile.lock\" \"${PODS_ROOT}/Manifest.lock\" > /dev/null\nif [ $? != 0 ] ; then\n    # print error to STDERR\n    echo \"error: The sandbox is not in sync with the Podfile.lock. Run 'pod install' or update your CocoaPods installation.\" >&2\n    exit 1\nfi\n# This output is used by Xcode 'outputs' to avoid re-running this script phase.\necho \"SUCCESS\" > \"${SCRIPT_OUTPUT_FILE_0}\"\n";
			showEnvVarsInLog = 0;
		};
/* End PBXShellScriptBuildPhase section */

/* Begin PBXSourcesBuildPhase section */
		F118C26326A275F800D95137 /* Sources */ = {
			isa = PBXSourcesBuildPhase;
			buildActionMask = 2147483647;
			files = (
				F17C92EE26A2959900A88A98 /* TabViewController.swift in Sources */,
				F17C92FA26A2BEA200A88A98 /* DataManager.swift in Sources */,
				F118C26B26A275F800D95137 /* AppDelegate.swift in Sources */,
				F1D30BA326A7BB5400152173 /* RecipeDetailsViewController.swift in Sources */,
				F17C92E826A28CDE00A88A98 /* RecipeCollectionViewCell.swift in Sources */,
				F118C26D26A275F800D95137 /* SceneDelegate.swift in Sources */,
				F17C92F026A2B14F00A88A98 /* RecipeGridViewController.swift in Sources */,
				F17C92E326A2892100A88A98 /* FavoriteGridViewController.swift in Sources */,
				F17C92EC26A28F7D00A88A98 /* ClassName.swift in Sources */,
				F17C92F726A2BCBE00A88A98 /* Recipe.swift in Sources */,
			);
			runOnlyForDeploymentPostprocessing = 0;
		};
/* End PBXSourcesBuildPhase section */

/* Begin PBXVariantGroup section */
		F118C27026A275F800D95137 /* Main.storyboard */ = {
			isa = PBXVariantGroup;
			children = (
				F118C27126A275F800D95137 /* Base */,
			);
			name = Main.storyboard;
			sourceTree = "<group>";
		};
		F118C27526A275F900D95137 /* LaunchScreen.storyboard */ = {
			isa = PBXVariantGroup;
			children = (
				F118C27626A275F900D95137 /* Base */,
			);
			name = LaunchScreen.storyboard;
			sourceTree = "<group>";
		};
/* End PBXVariantGroup section */

/* Begin XCBuildConfiguration section */
		F118C27926A275F900D95137 /* Debug */ = {
			isa = XCBuildConfiguration;
			buildSettings = {
				ALWAYS_SEARCH_USER_PATHS = NO;
				CLANG_ANALYZER_NONNULL = YES;
				CLANG_ANALYZER_NUMBER_OBJECT_CONVERSION = YES_AGGRESSIVE;
				CLANG_CXX_LANGUAGE_STANDARD = "gnu++14";
				CLANG_CXX_LIBRARY = "libc++";
				CLANG_ENABLE_MODULES = YES;
				CLANG_ENABLE_OBJC_ARC = YES;
				CLANG_ENABLE_OBJC_WEAK = YES;
				CLANG_WARN_BLOCK_CAPTURE_AUTORELEASING = YES;
				CLANG_WARN_BOOL_CONVERSION = YES;
				CLANG_WARN_COMMA = YES;
				CLANG_WARN_CONSTANT_CONVERSION = YES;
				CLANG_WARN_DEPRECATED_OBJC_IMPLEMENTATIONS = YES;
				CLANG_WARN_DIRECT_OBJC_ISA_USAGE = YES_ERROR;
				CLANG_WARN_DOCUMENTATION_COMMENTS = YES;
				CLANG_WARN_EMPTY_BODY = YES;
				CLANG_WARN_ENUM_CONVERSION = YES;
				CLANG_WARN_INFINITE_RECURSION = YES;
				CLANG_WARN_INT_CONVERSION = YES;
				CLANG_WARN_NON_LITERAL_NULL_CONVERSION = YES;
				CLANG_WARN_OBJC_IMPLICIT_RETAIN_SELF = YES;
				CLANG_WARN_OBJC_LITERAL_CONVERSION = YES;
				CLANG_WARN_OBJC_ROOT_CLASS = YES_ERROR;
				CLANG_WARN_QUOTED_INCLUDE_IN_FRAMEWORK_HEADER = YES;
				CLANG_WARN_RANGE_LOOP_ANALYSIS = YES;
				CLANG_WARN_STRICT_PROTOTYPES = YES;
				CLANG_WARN_SUSPICIOUS_MOVE = YES;
				CLANG_WARN_UNGUARDED_AVAILABILITY = YES_AGGRESSIVE;
				CLANG_WARN_UNREACHABLE_CODE = YES;
				CLANG_WARN__DUPLICATE_METHOD_MATCH = YES;
				COPY_PHASE_STRIP = NO;
				DEBUG_INFORMATION_FORMAT = dwarf;
				ENABLE_STRICT_OBJC_MSGSEND = YES;
				ENABLE_TESTABILITY = YES;
				GCC_C_LANGUAGE_STANDARD = gnu11;
				GCC_DYNAMIC_NO_PIC = NO;
				GCC_NO_COMMON_BLOCKS = YES;
				GCC_OPTIMIZATION_LEVEL = 0;
				GCC_PREPROCESSOR_DEFINITIONS = (
					"DEBUG=1",
					"$(inherited)",
				);
				GCC_WARN_64_TO_32_BIT_CONVERSION = YES;
				GCC_WARN_ABOUT_RETURN_TYPE = YES_ERROR;
				GCC_WARN_UNDECLARED_SELECTOR = YES;
				GCC_WARN_UNINITIALIZED_AUTOS = YES_AGGRESSIVE;
				GCC_WARN_UNUSED_FUNCTION = YES;
				GCC_WARN_UNUSED_VARIABLE = YES;
				IPHONEOS_DEPLOYMENT_TARGET = 14.5;
				MTL_ENABLE_DEBUG_INFO = INCLUDE_SOURCE;
				MTL_FAST_MATH = YES;
				ONLY_ACTIVE_ARCH = YES;
				SDKROOT = iphoneos;
				SWIFT_ACTIVE_COMPILATION_CONDITIONS = DEBUG;
				SWIFT_OPTIMIZATION_LEVEL = "-Onone";
			};
			name = Debug;
		};
		F118C27A26A275F900D95137 /* Release */ = {
			isa = XCBuildConfiguration;
			buildSettings = {
				ALWAYS_SEARCH_USER_PATHS = NO;
				CLANG_ANALYZER_NONNULL = YES;
				CLANG_ANALYZER_NUMBER_OBJECT_CONVERSION = YES_AGGRESSIVE;
				CLANG_CXX_LANGUAGE_STANDARD = "gnu++14";
				CLANG_CXX_LIBRARY = "libc++";
				CLANG_ENABLE_MODULES = YES;
				CLANG_ENABLE_OBJC_ARC = YES;
				CLANG_ENABLE_OBJC_WEAK = YES;
				CLANG_WARN_BLOCK_CAPTURE_AUTORELEASING = YES;
				CLANG_WARN_BOOL_CONVERSION = YES;
				CLANG_WARN_COMMA = YES;
				CLANG_WARN_CONSTANT_CONVERSION = YES;
				CLANG_WARN_DEPRECATED_OBJC_IMPLEMENTATIONS = YES;
				CLANG_WARN_DIRECT_OBJC_ISA_USAGE = YES_ERROR;
				CLANG_WARN_DOCUMENTATION_COMMENTS = YES;
				CLANG_WARN_EMPTY_BODY = YES;
				CLANG_WARN_ENUM_CONVERSION = YES;
				CLANG_WARN_INFINITE_RECURSION = YES;
				CLANG_WARN_INT_CONVERSION = YES;
				CLANG_WARN_NON_LITERAL_NULL_CONVERSION = YES;
				CLANG_WARN_OBJC_IMPLICIT_RETAIN_SELF = YES;
				CLANG_WARN_OBJC_LITERAL_CONVERSION = YES;
				CLANG_WARN_OBJC_ROOT_CLASS = YES_ERROR;
				CLANG_WARN_QUOTED_INCLUDE_IN_FRAMEWORK_HEADER = YES;
				CLANG_WARN_RANGE_LOOP_ANALYSIS = YES;
				CLANG_WARN_STRICT_PROTOTYPES = YES;
				CLANG_WARN_SUSPICIOUS_MOVE = YES;
				CLANG_WARN_UNGUARDED_AVAILABILITY = YES_AGGRESSIVE;
				CLANG_WARN_UNREACHABLE_CODE = YES;
				CLANG_WARN__DUPLICATE_METHOD_MATCH = YES;
				COPY_PHASE_STRIP = NO;
				DEBUG_INFORMATION_FORMAT = "dwarf-with-dsym";
				ENABLE_NS_ASSERTIONS = NO;
				ENABLE_STRICT_OBJC_MSGSEND = YES;
				GCC_C_LANGUAGE_STANDARD = gnu11;
				GCC_NO_COMMON_BLOCKS = YES;
				GCC_WARN_64_TO_32_BIT_CONVERSION = YES;
				GCC_WARN_ABOUT_RETURN_TYPE = YES_ERROR;
				GCC_WARN_UNDECLARED_SELECTOR = YES;
				GCC_WARN_UNINITIALIZED_AUTOS = YES_AGGRESSIVE;
				GCC_WARN_UNUSED_FUNCTION = YES;
				GCC_WARN_UNUSED_VARIABLE = YES;
				IPHONEOS_DEPLOYMENT_TARGET = 14.5;
				MTL_ENABLE_DEBUG_INFO = NO;
				MTL_FAST_MATH = YES;
				SDKROOT = iphoneos;
				SWIFT_COMPILATION_MODE = wholemodule;
				SWIFT_OPTIMIZATION_LEVEL = "-O";
				VALIDATE_PRODUCT = YES;
			};
			name = Release;
		};
		F118C27C26A275F900D95137 /* Debug */ = {
			isa = XCBuildConfiguration;
			baseConfigurationReference = 502CE0C03DBFAE7861D2931B /* Pods-Recipe.debug.xcconfig */;
			buildSettings = {
				ASSETCATALOG_COMPILER_APPICON_NAME = AppIcon;
				ASSETCATALOG_COMPILER_GLOBAL_ACCENT_COLOR_NAME = AccentColor;
				CODE_SIGN_STYLE = Automatic;
				INFOPLIST_FILE = Recipe/Info.plist;
				LD_RUNPATH_SEARCH_PATHS = (
					"$(inherited)",
					"@executable_path/Frameworks",
				);
				PRODUCT_BUNDLE_IDENTIFIER = fangwei.hsu.Recipe;
				PRODUCT_NAME = "$(TARGET_NAME)";
				SWIFT_VERSION = 5.0;
				TARGETED_DEVICE_FAMILY = "1,2";
			};
			name = Debug;
		};
		F118C27D26A275F900D95137 /* Release */ = {
			isa = XCBuildConfiguration;
			baseConfigurationReference = 2B70035B9F5A92B906E16DBD /* Pods-Recipe.release.xcconfig */;
			buildSettings = {
				ASSETCATALOG_COMPILER_APPICON_NAME = AppIcon;
				ASSETCATALOG_COMPILER_GLOBAL_ACCENT_COLOR_NAME = AccentColor;
				CODE_SIGN_STYLE = Automatic;
				INFOPLIST_FILE = Recipe/Info.plist;
				LD_RUNPATH_SEARCH_PATHS = (
					"$(inherited)",
					"@executable_path/Frameworks",
				);
				PRODUCT_BUNDLE_IDENTIFIER = fangwei.hsu.Recipe;
				PRODUCT_NAME = "$(TARGET_NAME)";
				SWIFT_VERSION = 5.0;
				TARGETED_DEVICE_FAMILY = "1,2";
			};
			name = Release;
		};
/* End XCBuildConfiguration section */

/* Begin XCConfigurationList section */
		F118C26226A275F800D95137 /* Build configuration list for PBXProject "Recipe" */ = {
			isa = XCConfigurationList;
			buildConfigurations = (
				F118C27926A275F900D95137 /* Debug */,
				F118C27A26A275F900D95137 /* Release */,
			);
			defaultConfigurationIsVisible = 0;
			defaultConfigurationName = Release;
		};
		F118C27B26A275F900D95137 /* Build configuration list for PBXNativeTarget "Recipe" */ = {
			isa = XCConfigurationList;
			buildConfigurations = (
				F118C27C26A275F900D95137 /* Debug */,
				F118C27D26A275F900D95137 /* Release */,
			);
			defaultConfigurationIsVisible = 0;
			defaultConfigurationName = Release;
		};
/* End XCConfigurationList section */
	};
	rootObject = F118C25F26A275F800D95137 /* Project object */;
}
